
Microsoft Visual Studio Solution File, Format Version 12.00
# Visual Studio Version 17
VisualStudioVersion = 17.4.33213.308
MinimumVisualStudioVersion = 10.0.40219.1
Project("{9A19103F-16F7-4668-BE54-9A1E7A4F7556}") = "Gruppe2API", "Gruppe2API\Gruppe2API.csproj", "{70B3294D-2A2F-4015-AD13-C5A1B075A4AA}"
EndProject
Project("{9A19103F-16F7-4668-BE54-9A1E7A4F7556}") = "Models", "Models\Models.csproj", "{9A015A50-65EF-48C4-808A-C119685F625F}"
EndProject
Project("{9A19103F-16F7-4668-BE54-9A1E7A4F7556}") = "ApiHelper", "ApiHelper\ApiHelper.csproj", "{7D0CAC46-AEDC-41A8-B826-BD2A8DC973C1}"
EndProject
Project("{9A19103F-16F7-4668-BE54-9A1E7A4F7556}") = "BookingSide", "BookingSide\BookingSide.csproj", "{B74612BB-EADB-4700-A35A-37C1966484BE}"
EndProject
Global
	GlobalSection(SolutionConfigurationPlatforms) = preSolution
		Debug|Any CPU = Debug|Any CPU
		Release|Any CPU = Release|Any CPU
	EndGlobalSection
	GlobalSection(ProjectConfigurationPlatforms) = postSolution
		{70B3294D-2A2F-4015-AD13-C5A1B075A4AA}.Debug|Any CPU.ActiveCfg = Debug|Any CPU
		{70B3294D-2A2F-4015-AD13-C5A1B075A4AA}.Debug|Any CPU.Build.0 = Debug|Any CPU
		{70B3294D-2A2F-4015-AD13-C5A1B075A4AA}.Release|Any CPU.ActiveCfg = Release|Any CPU
		{70B3294D-2A2F-4015-AD13-C5A1B075A4AA}.Release|Any CPU.Build.0 = Release|Any CPU
		{9A015A50-65EF-48C4-808A-C119685F625F}.Debug|Any CPU.ActiveCfg = Debug|Any CPU
		{9A015A50-65EF-48C4-808A-C119685F625F}.Debug|Any CPU.Build.0 = Debug|Any CPU
		{9A015A50-65EF-48C4-808A-C119685F625F}.Release|Any CPU.ActiveCfg = Release|Any CPU
		{9A015A50-65EF-48C4-808A-C119685F625F}.Release|Any CPU.Build.0 = Release|Any CPU
		{7D0CAC46-AEDC-41A8-B826-BD2A8DC973C1}.Debug|Any CPU.ActiveCfg = Debug|Any CPU
		{7D0CAC46-AEDC-41A8-B826-BD2A8DC973C1}.Debug|Any CPU.Build.0 = Debug|Any CPU
		{7D0CAC46-AEDC-41A8-B826-BD2A8DC973C1}.Release|Any CPU.ActiveCfg = Release|Any CPU
		{7D0CAC46-AEDC-41A8-B826-BD2A8DC973C1}.Release|Any CPU.Build.0 = Release|Any CPU
		{B74612BB-EADB-4700-A35A-37C1966484BE}.Debug|Any CPU.ActiveCfg = Debug|Any CPU
		{B74612BB-EADB-4700-A35A-37C1966484BE}.Debug|Any CPU.Build.0 = Debug|Any CPU
		{B74612BB-EADB-4700-A35A-37C1966484BE}.Release|Any CPU.ActiveCfg = Release|Any CPU
		{B74612BB-EADB-4700-A35A-37C1966484BE}.Release|Any CPU.Build.0 = Release|Any CPU
	EndGlobalSection
	GlobalSection(SolutionProperties) = preSolution
		HideSolutionNode = FALSE
	EndGlobalSection
	GlobalSection(ExtensibilityGlobals) = postSolution
		SolutionGuid = {5BF9E14A-F675-4F42-83A7-54E0B9FAA471}
	EndGlobalSection
EndGlobal
